{
  "name": "prepros-project",
  "version": "1.0.0",
  "lockfileVersion": 1,
  "requires": true,
  "dependencies": {
    "@barba/core": {
      "version": "2.9.7",
      "resolved": "https://registry.npmjs.org/@barba/core/-/core-2.9.7.tgz",
      "integrity": "sha512-GLtpty1fzWnd500AoUHd+hJoSCVElqth20P4W8Bf0IAA9nd1K5e8NbPnCegXC4KzOwV+JHk5DVofAZcoc+I54Q==",
      "requires": {
        "is-promise": "^2.1.0",
        "path-to-regexp": "^3.0.0"
      }
    },
    "fsevents": {
      "version": "2.1.3",
      "resolved": "https://registry.npmjs.org/fsevents/-/fsevents-2.1.3.tgz",
      "integrity": "sha512-Auw9a4AxqWpa9GUfj370BMPzzyncfBABW8Mab7BGWBYDj4Isgq+cDKtx0i6u9jcX9pQDnswsaaOTgTmA5pEjuQ==",
      "optional": true
    },
    "gsap": {
      "version": "3.6.0",
      "resolved": "https://registry.npmjs.org/gsap/-/gsap-3.6.0.tgz",
      "integrity": "sha512-0P3syv1TmYr+A/VZ8UMFzw+s0XoaKSzzDFs8NqkXiJTXI4E/VTi0zRjPgxaPBpiUPPycgRnFjLDe0Tb4dRRf+w=="
    },
    "is-promise": {
      "version": "2.2.2",
      "resolved": "https://registry.npmjs.org/is-promise/-/is-promise-2.2.2.tgz",
      "integrity": "sha512-+lP4/6lKUBfQjZ2pdxThZvLUAafmZb8OAxFb8XXtiQmS35INgr85hdOGoEs124ez1FCnZJt6jau/T+alh58QFQ=="
    },
    "jquery": {
      "version": "3.5.1",
      "resolved": "https://registry.npmjs.org/jquery/-/jquery-3.5.1.tgz",
      "integrity": "sha512-XwIBPqcMn57FxfT+Go5pzySnm4KWkT1Tv7gjrpT1srtf8Weynl6R273VJ5GjkRb51IzMp5nbaPjJXMWeju2MKg=="
    },
    "path-to-regexp": {
      "version": "3.2.0",
      "resolved": "https://registry.npmjs.org/path-to-regexp/-/path-to-regexp-3.2.0.tgz",
      "integrity": "sha512-jczvQbCUS7XmS7o+y1aEO9OBVFeZBQ1MDSEqmO7xSoPgOPoowY/SxLpZ6Vh97/8qHZOteiCKb7gkG9gA2ZUxJA=="
    },
    "rollup": {
      "version": "2.38.1",
      "resolved": "https://registry.npmjs.org/rollup/-/rollup-2.38.1.tgz",
      "integrity": "sha512-q07T6vU/V1kqM8rGRRyCgEvIQcIAXoKIE5CpkYAlHhfiWM1Iuh4dIPWpIbqFngCK6lwAB2aYHiUVhIbSWHQWhw==",
      "requires": {
        "fsevents": "~2.1.2"
      }
    },
    "slick-carousel": {
      "version": "1.8.1",
      "resolved": "https://registry.npmjs.org/slick-carousel/-/slick-carousel-1.8.1.tgz",
      "integrity": "sha512-XB9Ftrf2EEKfzoQXt3Nitrt/IPbT+f1fgqBdoxO3W/+JYvtEOW6EgxnWfr9GH6nmULv7Y2tPmEX3koxThVmebA=="
    }
  }
}
